
Microsoft Visual Studio Solution File, Format Version 12.00
# Visual Studio Version 17
VisualStudioVersion = 17.2.32630.192
MinimumVisualStudioVersion = 10.0.40219.1
Project("{FAE04EC0-301F-11D3-BF4B-00C04F79EFBC}") = "MyChess.Engine", "MyChess.Engine\MyChess.Engine.csproj", "{A902987C-14B9-41C9-945E-D70208905D7C}"
EndProject
Project("{FAE04EC0-301F-11D3-BF4B-00C04F79EFBC}") = "MyChess.Common", "MyChess.Common\MyChess.Common.csproj", "{8945BE48-0FEB-4FDC-8889-304D4FECEE98}"
EndProject
Project("{FAE04EC0-301F-11D3-BF4B-00C04F79EFBC}") = "MyChess.Console", "MyChess.Console\MyChess.Console.csproj", "{930A33BB-4D5D-4FA9-ABF1-586F7C891DF6}"
EndProject
Project("{FAE04EC0-301F-11D3-BF4B-00C04F79EFBC}") = "MyChess.Tests", "MyChess.Tests\MyChess.Tests.csproj", "{8BDB5812-6B43-45E7-927A-145055A2E145}"
EndProject
Global
	GlobalSection(SolutionConfigurationPlatforms) = preSolution
		Debug|Any CPU = Debug|Any CPU
		Release|Any CPU = Release|Any CPU
	EndGlobalSection
	GlobalSection(ProjectConfigurationPlatforms) = postSolution
		{A902987C-14B9-41C9-945E-D70208905D7C}.Debug|Any CPU.ActiveCfg = Debug|Any CPU
		{A902987C-14B9-41C9-945E-D70208905D7C}.Debug|Any CPU.Build.0 = Debug|Any CPU
		{A902987C-14B9-41C9-945E-D70208905D7C}.Release|Any CPU.ActiveCfg = Release|Any CPU
		{A902987C-14B9-41C9-945E-D70208905D7C}.Release|Any CPU.Build.0 = Release|Any CPU
		{8945BE48-0FEB-4FDC-8889-304D4FECEE98}.Debug|Any CPU.ActiveCfg = Debug|Any CPU
		{8945BE48-0FEB-4FDC-8889-304D4FECEE98}.Debug|Any CPU.Build.0 = Debug|Any CPU
		{8945BE48-0FEB-4FDC-8889-304D4FECEE98}.Release|Any CPU.ActiveCfg = Release|Any CPU
		{8945BE48-0FEB-4FDC-8889-304D4FECEE98}.Release|Any CPU.Build.0 = Release|Any CPU
		{930A33BB-4D5D-4FA9-ABF1-586F7C891DF6}.Debug|Any CPU.ActiveCfg = Debug|Any CPU
		{930A33BB-4D5D-4FA9-ABF1-586F7C891DF6}.Debug|Any CPU.Build.0 = Debug|Any CPU
		{930A33BB-4D5D-4FA9-ABF1-586F7C891DF6}.Release|Any CPU.ActiveCfg = Release|Any CPU
		{930A33BB-4D5D-4FA9-ABF1-586F7C891DF6}.Release|Any CPU.Build.0 = Release|Any CPU
		{8BDB5812-6B43-45E7-927A-145055A2E145}.Debug|Any CPU.ActiveCfg = Debug|Any CPU
		{8BDB5812-6B43-45E7-927A-145055A2E145}.Debug|Any CPU.Build.0 = Debug|Any CPU
		{8BDB5812-6B43-45E7-927A-145055A2E145}.Release|Any CPU.ActiveCfg = Release|Any CPU
		{8BDB5812-6B43-45E7-927A-145055A2E145}.Release|Any CPU.Build.0 = Release|Any CPU
	EndGlobalSection
	GlobalSection(SolutionProperties) = preSolution
		HideSolutionNode = FALSE
	EndGlobalSection
	GlobalSection(ExtensibilityGlobals) = postSolution
		SolutionGuid = {B1464F04-24E1-4AE0-86F6-A2D09F835F70}
	EndGlobalSection
EndGlobal
